// !$*UTF8*$!
{
	archiveVersion = 1;
	classes = {
	};
	objectVersion = 50;
	objects = {

/* Begin PBXBuildFile section */
		095589C324857E7200141DE6 /* AppDelegate.swift in Sources */ = {isa = PBXBuildFile; fileRef = 095589C224857E7200141DE6 /* AppDelegate.swift */; };
		095589C524857E7200141DE6 /* SceneDelegate.swift in Sources */ = {isa = PBXBuildFile; fileRef = 095589C424857E7200141DE6 /* SceneDelegate.swift */; };
		095589C724857E7200141DE6 /* ContentView.swift in Sources */ = {isa = PBXBuildFile; fileRef = 095589C624857E7200141DE6 /* ContentView.swift */; };
		095589C924857E7400141DE6 /* Assets.xcassets in Resources */ = {isa = PBXBuildFile; fileRef = 095589C824857E7400141DE6 /* Assets.xcassets */; };
		095589CC24857E7400141DE6 /* Preview Assets.xcassets in Resources */ = {isa = PBXBuildFile; fileRef = 095589CB24857E7400141DE6 /* Preview Assets.xcassets */; };
		095589CF24857E7400141DE6 /* LaunchScreen.storyboard in Resources */ = {isa = PBXBuildFile; fileRef = 095589CD24857E7400141DE6 /* LaunchScreen.storyboard */; };
		095589DA24857E7400141DE6 /* Onboarding_projectTests.swift in Sources */ = {isa = PBXBuildFile; fileRef = 095589D924857E7400141DE6 /* Onboarding_projectTests.swift */; };
		095589E524857E7500141DE6 /* Onboarding_projectUITests.swift in Sources */ = {isa = PBXBuildFile; fileRef = 095589E424857E7500141DE6 /* Onboarding_projectUITests.swift */; };
/* End PBXBuildFile section */

/* Begin PBXContainerItemProxy section */
		095589D624857E7400141DE6 /* PBXContainerItemProxy */ = {
			isa = PBXContainerItemProxy;
			containerPortal = 095589B724857E7200141DE6 /* Project object */;
			proxyType = 1;
			remoteGlobalIDString = 095589BE24857E7200141DE6;
			remoteInfo = "Onboarding-project";
		};
		095589E124857E7400141DE6 /* PBXContainerItemProxy */ = {
			isa = PBXContainerItemProxy;
			containerPortal = 095589B724857E7200141DE6 /* Project object */;
			proxyType = 1;
			remoteGlobalIDString = 095589BE24857E7200141DE6;
			remoteInfo = "Onboarding-project";
		};
/* End PBXContainerItemProxy section */

/* Begin PBXFileReference section */
		095589BF24857E7200141DE6 /* Onboarding-project.app */ = {isa = PBXFileReference; explicitFileType = wrapper.application; includeInIndex = 0; path = "Onboarding-project.app"; sourceTree = BUILT_PRODUCTS_DIR; };
		095589C224857E7200141DE6 /* AppDelegate.swift */ = {isa = PBXFileReference; lastKnownFileType = sourcecode.swift; path = AppDelegate.swift; sourceTree = "<group>"; };
		095589C424857E7200141DE6 /* SceneDelegate.swift */ = {isa = PBXFileReference; lastKnownFileType = sourcecode.swift; path = SceneDelegate.swift; sourceTree = "<group>"; };
		095589C624857E7200141DE6 /* ContentView.swift */ = {isa = PBXFileReference; lastKnownFileType = sourcecode.swift; path = ContentView.swift; sourceTree = "<group>"; };
		095589C824857E7400141DE6 /* Assets.xcassets */ = {isa = PBXFileReference; lastKnownFileType = folder.assetcatalog; path = Assets.xcassets; sourceTree = "<group>"; };
		095589CB24857E7400141DE6 /* Preview Assets.xcassets */ = {isa = PBXFileReference; lastKnownFileType = folder.assetcatalog; path = "Preview Assets.xcassets"; sourceTree = "<group>"; };
		095589CE24857E7400141DE6 /* Base */ = {isa = PBXFileReference; lastKnownFileType = file.storyboard; name = Base; path = Base.lproj/LaunchScreen.storyboard; sourceTree = "<group>"; };
		095589D024857E7400141DE6 /* Info.plist */ = {isa = PBXFileReference; lastKnownFileType = text.plist.xml; path = Info.plist; sourceTree = "<group>"; };
		095589D524857E7400141DE6 /* Onboarding-projectTests.xctest */ = {isa = PBXFileReference; explicitFileType = wrapper.cfbundle; includeInIndex = 0; path = "Onboarding-projectTests.xctest"; sourceTree = BUILT_PRODUCTS_DIR; };
		095589D924857E7400141DE6 /* Onboarding_projectTests.swift */ = {isa = PBXFileReference; lastKnownFileType = sourcecode.swift; path = Onboarding_projectTests.swift; sourceTree = "<group>"; };
		095589DB24857E7400141DE6 /* Info.plist */ = {isa = PBXFileReference; lastKnownFileType = text.plist.xml; path = Info.plist; sourceTree = "<group>"; };
		095589E024857E7400141DE6 /* Onboarding-projectUITests.xctest */ = {isa = PBXFileReference; explicitFileType = wrapper.cfbundle; includeInIndex = 0; path = "Onboarding-projectUITests.xctest"; sourceTree = BUILT_PRODUCTS_DIR; };
		095589E424857E7500141DE6 /* Onboarding_projectUITests.swift */ = {isa = PBXFileReference; lastKnownFileType = sourcecode.swift; path = Onboarding_projectUITests.swift; sourceTree = "<group>"; };
		095589E624857E7500141DE6 /* Info.plist */ = {isa = PBXFileReference; lastKnownFileType = text.plist.xml; path = Info.plist; sourceTree = "<group>"; };
/* End PBXFileReference section */

/* Begin PBXFrameworksBuildPhase section */
		095589BC24857E7200141DE6 /* Frameworks */ = {
			isa = PBXFrameworksBuildPhase;
			buildActionMask = 2147483647;
			files = (
			);
			runOnlyForDeploymentPostprocessing = 0;
		};
		095589D224857E7400141DE6 /* Frameworks */ = {
			isa = PBXFrameworksBuildPhase;
			buildActionMask = 2147483647;
			files = (
			);
			runOnlyForDeploymentPostprocessing = 0;
		};
		095589DD24857E7400141DE6 /* Frameworks */ = {
			isa = PBXFrameworksBuildPhase;
			buildActionMask = 2147483647;
			files = (
			);
			runOnlyForDeploymentPostprocessing = 0;
		};
/* End PBXFrameworksBuildPhase section */

/* Begin PBXGroup section */
		095589B624857E7200141DE6 = {
			isa = PBXGroup;
			children = (
				095589C124857E7200141DE6 /* Onboarding-project */,
				095589D824857E7400141DE6 /* Onboarding-projectTests */,
				095589E324857E7400141DE6 /* Onboarding-projectUITests */,
				095589C024857E7200141DE6 /* Products */,
			);
			sourceTree = "<group>";
		};
		095589C024857E7200141DE6 /* Products */ = {
			isa = PBXGroup;
			children = (
				095589BF24857E7200141DE6 /* Onboarding-project.app */,
				095589D524857E7400141DE6 /* Onboarding-projectTests.xctest */,
				095589E024857E7400141DE6 /* Onboarding-projectUITests.xctest */,
			);
			name = Products;
			sourceTree = "<group>";
		};
		095589C124857E7200141DE6 /* Onboarding-project */ = {
			isa = PBXGroup;
			children = (
				095589C224857E7200141DE6 /* AppDelegate.swift */,
				095589C424857E7200141DE6 /* SceneDelegate.swift */,
				095589C624857E7200141DE6 /* ContentView.swift */,
				095589C824857E7400141DE6 /* Assets.xcassets */,
				095589CD24857E7400141DE6 /* LaunchScreen.storyboard */,
				095589D024857E7400141DE6 /* Info.plist */,
				095589CA24857E7400141DE6 /* Preview Content */,
			);
			path = "Onboarding-project";
			sourceTree = "<group>";
		};
		095589CA24857E7400141DE6 /* Preview Content */ = {
			isa = PBXGroup;
			children = (
				095589CB24857E7400141DE6 /* Preview Assets.xcassets */,
			);
			path = "Preview Content";
			sourceTree = "<group>";
		};
		095589D824857E7400141DE6 /* Onboarding-projectTests */ = {
			isa = PBXGroup;
			children = (
				095589D924857E7400141DE6 /* Onboarding_projectTests.swift */,
				095589DB24857E7400141DE6 /* Info.plist */,
			);
			path = "Onboarding-projectTests";
			sourceTree = "<group>";
		};
		095589E324857E7400141DE6 /* Onboarding-projectUITests */ = {
			isa = PBXGroup;
			children = (
				095589E424857E7500141DE6 /* Onboarding_projectUITests.swift */,
				095589E624857E7500141DE6 /* Info.plist */,
			);
			path = "Onboarding-projectUITests";
			sourceTree = "<group>";
		};
/* End PBXGroup section */

/* Begin PBXNativeTarget section */
		095589BE24857E7200141DE6 /* Onboarding-project */ = {
			isa = PBXNativeTarget;
			buildConfigurationList = 095589E924857E7500141DE6 /* Build configuration list for PBXNativeTarget "Onboarding-project" */;
			buildPhases = (
				095589BB24857E7200141DE6 /* Sources */,
				095589BC24857E7200141DE6 /* Frameworks */,
				095589BD24857E7200141DE6 /* Resources */,
			);
			buildRules = (
			);
			dependencies = (
			);
			name = "Onboarding-project";
			productName = "Onboarding-project";
			productReference = 095589BF24857E7200141DE6 /* Onboarding-project.app */;
			productType = "com.apple.product-type.application";
		};
		095589D424857E7400141DE6 /* Onboarding-projectTests */ = {
			isa = PBXNativeTarget;
			buildConfigurationList = 095589EC24857E7500141DE6 /* Build configuration list for PBXNativeTarget "Onboarding-projectTests" */;
			buildPhases = (
				095589D124857E7400141DE6 /* Sources */,
				095589D224857E7400141DE6 /* Frameworks */,
				095589D324857E7400141DE6 /* Resources */,
			);
			buildRules = (
			);
			dependencies = (
				095589D724857E7400141DE6 /* PBXTargetDependency */,
			);
			name = "Onboarding-projectTests";
			productName = "Onboarding-projectTests";
			productReference = 095589D524857E7400141DE6 /* Onboarding-projectTests.xctest */;
			productType = "com.apple.product-type.bundle.unit-test";
		};
		095589DF24857E7400141DE6 /* Onboarding-projectUITests */ = {
			isa = PBXNativeTarget;
			buildConfigurationList = 095589EF24857E7500141DE6 /* Build configuration list for PBXNativeTarget "Onboarding-projectUITests" */;
			buildPhases = (
				095589DC24857E7400141DE6 /* Sources */,
				095589DD24857E7400141DE6 /* Frameworks */,
				095589DE24857E7400141DE6 /* Resources */,
			);
			buildRules = (
			);
			dependencies = (
				095589E224857E7400141DE6 /* PBXTargetDependency */,
			);
			name = "Onboarding-projectUITests";
			productName = "Onboarding-projectUITests";
			productReference = 095589E024857E7400141DE6 /* Onboarding-projectUITests.xctest */;
			productType = "com.apple.product-type.bundle.ui-testing";
		};
/* End PBXNativeTarget section */

/* Begin PBXProject section */
		095589B724857E7200141DE6 /* Project object */ = {
			isa = PBXProject;
			attributes = {
				LastSwiftUpdateCheck = 1150;
				LastUpgradeCheck = 1150;
				ORGANIZATIONNAME = "AJ Picard";
				TargetAttributes = {
					095589BE24857E7200141DE6 = {
						CreatedOnToolsVersion = 11.5;
					};
					095589D424857E7400141DE6 = {
						CreatedOnToolsVersion = 11.5;
						TestTargetID = 095589BE24857E7200141DE6;
					};
					095589DF24857E7400141DE6 = {
						CreatedOnToolsVersion = 11.5;
						TestTargetID = 095589BE24857E7200141DE6;
					};
				};
			};
			buildConfigurationList = 095589BA24857E7200141DE6 /* Build configuration list for PBXProject "Onboarding-project" */;
			compatibilityVersion = "Xcode 9.3";
			developmentRegion = en;
			hasScannedForEncodings = 0;
			knownRegions = (
				en,
				Base,
			);
			mainGroup = 095589B624857E7200141DE6;
			productRefGroup = 095589C024857E7200141DE6 /* Products */;
			projectDirPath = "";
			projectRoot = "";
			targets = (
				095589BE24857E7200141DE6 /* Onboarding-project */,
				095589D424857E7400141DE6 /* Onboarding-projectTests */,
				095589DF24857E7400141DE6 /* Onboarding-projectUITests */,
			);
		};
/* End PBXProject section */

/* Begin PBXResourcesBuildPhase section */
		095589BD24857E7200141DE6 /* Resources */ = {
			isa = PBXResourcesBuildPhase;
			buildActionMask = 2147483647;
			files = (
				095589CF24857E7400141DE6 /* LaunchScreen.storyboard in Resources */,
				095589CC24857E7400141DE6 /* Preview Assets.xcassets in Resources */,
				095589C924857E7400141DE6 /* Assets.xcassets in Resources */,
			);
			runOnlyForDeploymentPostprocessing = 0;
		};
		095589D324857E7400141DE6 /* Resources */ = {
			isa = PBXResourcesBuildPhase;
			buildActionMask = 2147483647;
			files = (
			);
			runOnlyForDeploymentPostprocessing = 0;
		};
		095589DE24857E7400141DE6 /* Resources */ = {
			isa = PBXResourcesBuildPhase;
			buildActionMask = 2147483647;
			files = (
			);
			runOnlyForDeploymentPostprocessing = 0;
		};
/* End PBXResourcesBuildPhase section */

/* Begin PBXSourcesBuildPhase section */
		095589BB24857E7200141DE6 /* Sources */ = {
			isa = PBXSourcesBuildPhase;
			buildActionMask = 2147483647;
			files = (
				095589C324857E7200141DE6 /* AppDelegate.swift in Sources */,
				095589C524857E7200141DE6 /* SceneDelegate.swift in Sources */,
				095589C724857E7200141DE6 /* ContentView.swift in Sources */,
			);
			runOnlyForDeploymentPostprocessing = 0;
		};
		095589D124857E7400141DE6 /* Sources */ = {
			isa = PBXSourcesBuildPhase;
			buildActionMask = 2147483647;
			files = (
				095589DA24857E7400141DE6 /* Onboarding_projectTests.swift in Sources */,
			);
			runOnlyForDeploymentPostprocessing = 0;
		};
		095589DC24857E7400141DE6 /* Sources */ = {
			isa = PBXSourcesBuildPhase;
			buildActionMask = 2147483647;
			files = (
				095589E524857E7500141DE6 /* Onboarding_projectUITests.swift in Sources */,
			);
			runOnlyForDeploymentPostprocessing = 0;
		};
/* End PBXSourcesBuildPhase section */

/* Begin PBXTargetDependency section */
		095589D724857E7400141DE6 /* PBXTargetDependency */ = {
			isa = PBXTargetDependency;
			target = 095589BE24857E7200141DE6 /* Onboarding-project */;
			targetProxy = 095589D624857E7400141DE6 /* PBXContainerItemProxy */;
		};
		095589E224857E7400141DE6 /* PBXTargetDependency */ = {
			isa = PBXTargetDependency;
			target = 095589BE24857E7200141DE6 /* Onboarding-project */;
			targetProxy = 095589E124857E7400141DE6 /* PBXContainerItemProxy */;
		};
/* End PBXTargetDependency section */

/* Begin PBXVariantGroup section */
		095589CD24857E7400141DE6 /* LaunchScreen.storyboard */ = {
			isa = PBXVariantGroup;
			children = (
				095589CE24857E7400141DE6 /* Base */,
			);
			name = LaunchScreen.storyboard;
			sourceTree = "<group>";
		};
/* End PBXVariantGroup section */

/* Begin XCBuildConfiguration section */
		095589E724857E7500141DE6 /* Debug */ = {
			isa = XCBuildConfiguration;
			buildSettings = {
				ALWAYS_SEARCH_USER_PATHS = NO;
				CLANG_ANALYZER_NONNULL = YES;
				CLANG_ANALYZER_NUMBER_OBJECT_CONVERSION = YES_AGGRESSIVE;
				CLANG_CXX_LANGUAGE_STANDARD = "gnu++14";
				CLANG_CXX_LIBRARY = "libc++";
				CLANG_ENABLE_MODULES = YES;
				CLANG_ENABLE_OBJC_ARC = YES;
				CLANG_ENABLE_OBJC_WEAK = YES;
				CLANG_WARN_BLOCK_CAPTURE_AUTORELEASING = YES;
				CLANG_WARN_BOOL_CONVERSION = YES;
				CLANG_WARN_COMMA = YES;
				CLANG_WARN_CONSTANT_CONVERSION = YES;
				CLANG_WARN_DEPRECATED_OBJC_IMPLEMENTATIONS = YES;
				CLANG_WARN_DIRECT_OBJC_ISA_USAGE = YES_ERROR;
				CLANG_WARN_DOCUMENTATION_COMMENTS = YES;
				CLANG_WARN_EMPTY_BODY = YES;
				CLANG_WARN_ENUM_CONVERSION = YES;
				CLANG_WARN_INFINITE_RECURSION = YES;
				CLANG_WARN_INT_CONVERSION = YES;
				CLANG_WARN_NON_LITERAL_NULL_CONVERSION = YES;
				CLANG_WARN_OBJC_IMPLICIT_RETAIN_SELF = YES;
				CLANG_WARN_OBJC_LITERAL_CONVERSION = YES;
				CLANG_WARN_OBJC_ROOT_CLASS = YES_ERROR;
				CLANG_WARN_RANGE_LOOP_ANALYSIS = YES;
				CLANG_WARN_STRICT_PROTOTYPES = YES;
				CLANG_WARN_SUSPICIOUS_MOVE = YES;
				CLANG_WARN_UNGUARDED_AVAILABILITY = YES_AGGRESSIVE;
				CLANG_WARN_UNREACHABLE_CODE = YES;
				CLANG_WARN__DUPLICATE_METHOD_MATCH = YES;
				COPY_PHASE_STRIP = NO;
				DEBUG_INFORMATION_FORMAT = dwarf;
				ENABLE_STRICT_OBJC_MSGSEND = YES;
				ENABLE_TESTABILITY = YES;
				GCC_C_LANGUAGE_STANDARD = gnu11;
				GCC_DYNAMIC_NO_PIC = NO;
				GCC_NO_COMMON_BLOCKS = YES;
				GCC_OPTIMIZATION_LEVEL = 0;
				GCC_PREPROCESSOR_DEFINITIONS = (
					"DEBUG=1",
					"$(inherited)",
				);
				GCC_WARN_64_TO_32_BIT_CONVERSION = YES;
				GCC_WARN_ABOUT_RETURN_TYPE = YES_ERROR;
				GCC_WARN_UNDECLARED_SELECTOR = YES;
				GCC_WARN_UNINITIALIZED_AUTOS = YES_AGGRESSIVE;
				GCC_WARN_UNUSED_FUNCTION = YES;
				GCC_WARN_UNUSED_VARIABLE = YES;
				IPHONEOS_DEPLOYMENT_TARGET = 13.5;
				MTL_ENABLE_DEBUG_INFO = INCLUDE_SOURCE;
				MTL_FAST_MATH = YES;
				ONLY_ACTIVE_ARCH = YES;
				SDKROOT = iphoneos;
				SWIFT_ACTIVE_COMPILATION_CONDITIONS = DEBUG;
				SWIFT_OPTIMIZATION_LEVEL = "-Onone";
			};
			name = Debug;
		};
		095589E824857E7500141DE6 /* Release */ = {
			isa = XCBuildConfiguration;
			buildSettings = {
				ALWAYS_SEARCH_USER_PATHS = NO;
				CLANG_ANALYZER_NONNULL = YES;
				CLANG_ANALYZER_NUMBER_OBJECT_CONVERSION = YES_AGGRESSIVE;
				CLANG_CXX_LANGUAGE_STANDARD = "gnu++14";
				CLANG_CXX_LIBRARY = "libc++";
				CLANG_ENABLE_MODULES = YES;
				CLANG_ENABLE_OBJC_ARC = YES;
				CLANG_ENABLE_OBJC_WEAK = YES;
				CLANG_WARN_BLOCK_CAPTURE_AUTORELEASING = YES;
				CLANG_WARN_BOOL_CONVERSION = YES;
				CLANG_WARN_COMMA = YES;
				CLANG_WARN_CONSTANT_CONVERSION = YES;
				CLANG_WARN_DEPRECATED_OBJC_IMPLEMENTATIONS = YES;
				CLANG_WARN_DIRECT_OBJC_ISA_USAGE = YES_ERROR;
				CLANG_WARN_DOCUMENTATION_COMMENTS = YES;
				CLANG_WARN_EMPTY_BODY = YES;
				CLANG_WARN_ENUM_CONVERSION = YES;
				CLANG_WARN_INFINITE_RECURSION = YES;
				CLANG_WARN_INT_CONVERSION = YES;
				CLANG_WARN_NON_LITERAL_NULL_CONVERSION = YES;
				CLANG_WARN_OBJC_IMPLICIT_RETAIN_SELF = YES;
				CLANG_WARN_OBJC_LITERAL_CONVERSION = YES;
				CLANG_WARN_OBJC_ROOT_CLASS = YES_ERROR;
				CLANG_WARN_RANGE_LOOP_ANALYSIS = YES;
				CLANG_WARN_STRICT_PROTOTYPES = YES;
				CLANG_WARN_SUSPICIOUS_MOVE = YES;
				CLANG_WARN_UNGUARDED_AVAILABILITY = YES_AGGRESSIVE;
				CLANG_WARN_UNREACHABLE_CODE = YES;
				CLANG_WARN__DUPLICATE_METHOD_MATCH = YES;
				COPY_PHASE_STRIP = NO;
				DEBUG_INFORMATION_FORMAT = "dwarf-with-dsym";
				ENABLE_NS_ASSERTIONS = NO;
				ENABLE_STRICT_OBJC_MSGSEND = YES;
				GCC_C_LANGUAGE_STANDARD = gnu11;
				GCC_NO_COMMON_BLOCKS = YES;
				GCC_WARN_64_TO_32_BIT_CONVERSION = YES;
				GCC_WARN_ABOUT_RETURN_TYPE = YES_ERROR;
				GCC_WARN_UNDECLARED_SELECTOR = YES;
				GCC_WARN_UNINITIALIZED_AUTOS = YES_AGGRESSIVE;
				GCC_WARN_UNUSED_FUNCTION = YES;
				GCC_WARN_UNUSED_VARIABLE = YES;
				IPHONEOS_DEPLOYMENT_TARGET = 13.5;
				MTL_ENABLE_DEBUG_INFO = NO;
				MTL_FAST_MATH = YES;
				SDKROOT = iphoneos;
				SWIFT_COMPILATION_MODE = wholemodule;
				SWIFT_OPTIMIZATION_LEVEL = "-O";
				VALIDATE_PRODUCT = YES;
			};
			name = Release;
		};
		095589EA24857E7500141DE6 /* Debug */ = {
			isa = XCBuildConfiguration;
			buildSettings = {
				ASSETCATALOG_COMPILER_APPICON_NAME = AppIcon;
				CODE_SIGN_STYLE = Automatic;
				DEVELOPMENT_ASSET_PATHS = "\"Onboarding-project/Preview Content\"";
				DEVELOPMENT_TEAM = 4F95F96C4N;
				ENABLE_PREVIEWS = YES;
				INFOPLIST_FILE = "Onboarding-project/Info.plist";
				LD_RUNPATH_SEARCH_PATHS = (
					"$(inherited)",
					"@executable_path/Frameworks",
				);
				PRODUCT_BUNDLE_IDENTIFIER = "SauceDesigns.Onboarding-project";
				PRODUCT_NAME = "$(TARGET_NAME)";
				SWIFT_VERSION = 5.0;
				TARGETED_DEVICE_FAMILY = "1,2";
			};
			name = Debug;
		};
		095589EB24857E7500141DE6 /* Release */ = {
			isa = XCBuildConfiguration;
			buildSettings = {
				ASSETCATALOG_COMPILER_APPICON_NAME = AppIcon;
				CODE_SIGN_STYLE = Automatic;
				DEVELOPMENT_ASSET_PATHS = "\"Onboarding-project/Preview Content\"";
				DEVELOPMENT_TEAM = 4F95F96C4N;
				ENABLE_PREVIEWS = YES;
				INFOPLIST_FILE = "Onboarding-project/Info.plist";
				LD_RUNPATH_SEARCH_PATHS = (
					"$(inherited)",
					"@executable_path/Frameworks",
				);
				PRODUCT_BUNDLE_IDENTIFIER = "SauceDesigns.Onboarding-project";
				PRODUCT_NAME = "$(TARGET_NAME)";
				SWIFT_VERSION = 5.0;
				TARGETED_DEVICE_FAMILY = "1,2";
			};
			name = Release;
		};
		095589ED24857E7500141DE6 /* Debug */ = {
			isa = XCBuildConfiguration;
			buildSettings = {
				ALWAYS_EMBED_SWIFT_STANDARD_LIBRARIES = YES;
				BUNDLE_LOADER = "$(TEST_HOST)";
				CODE_SIGN_STYLE = Automatic;
				DEVELOPMENT_TEAM = 4F95F96C4N;
				INFOPLIST_FILE = "Onboarding-projectTests/Info.plist";
				IPHONEOS_DEPLOYMENT_TARGET = 13.5;
				LD_RUNPATH_SEARCH_PATHS = (
					"$(inherited)",
					"@executable_path/Frameworks",
					"@loader_path/Frameworks",
				);
				PRODUCT_BUNDLE_IDENTIFIER = "SauceDesigns.Onboarding-projectTests";
				PRODUCT_NAME = "$(TARGET_NAME)";
				SWIFT_VERSION = 5.0;
				TARGETED_DEVICE_FAMILY = "1,2";
				TEST_HOST = "$(BUILT_PRODUCTS_DIR)/Onboarding-project.app/Onboarding-project";
			};
			name = Debug;
		};
		095589EE24857E7500141DE6 /* Release */ = {
			isa = XCBuildConfiguration;
			buildSettings = {
				ALWAYS_EMBED_SWIFT_STANDARD_LIBRARIES = YES;
				BUNDLE_LOADER = "$(TEST_HOST)";
				CODE_SIGN_STYLE = Automatic;
				DEVELOPMENT_TEAM = 4F95F96C4N;
				INFOPLIST_FILE = "Onboarding-projectTests/Info.plist";
				IPHONEOS_DEPLOYMENT_TARGET = 13.5;
				LD_RUNPATH_SEARCH_PATHS = (
					"$(inherited)",
					"@executable_path/Frameworks",
					"@loader_path/Frameworks",
				);
				PRODUCT_BUNDLE_IDENTIFIER = "SauceDesigns.Onboarding-projectTests";
				PRODUCT_NAME = "$(TARGET_NAME)";
				SWIFT_VERSION = 5.0;
				TARGETED_DEVICE_FAMILY = "1,2";
				TEST_HOST = "$(BUILT_PRODUCTS_DIR)/Onboarding-project.app/Onboarding-project";
			};
			name = Release;
		};
		095589F024857E7500141DE6 /* Debug */ = {
			isa = XCBuildConfiguration;
			buildSettings = {
				ALWAYS_EMBED_SWIFT_STANDARD_LIBRARIES = YES;
				CODE_SIGN_STYLE = Automatic;
				DEVELOPMENT_TEAM = 4F95F96C4N;
				INFOPLIST_FILE = "Onboarding-projectUITests/Info.plist";
				LD_RUNPATH_SEARCH_PATHS = (
					"$(inherited)",
					"@executable_path/Frameworks",
					"@loader_path/Frameworks",
				);
				PRODUCT_BUNDLE_IDENTIFIER = "SauceDesigns.Onboarding-projectUITests";
				PRODUCT_NAME = "$(TARGET_NAME)";
				SWIFT_VERSION = 5.0;
				TARGETED_DEVICE_FAMILY = "1,2";
				TEST_TARGET_NAME = "Onboarding-project";
			};
			name = Debug;
		};
		095589F124857E7500141DE6 /* Release */ = {
			isa = XCBuildConfiguration;
			buildSettings = {
				ALWAYS_EMBED_SWIFT_STANDARD_LIBRARIES = YES;
				CODE_SIGN_STYLE = Automatic;
				DEVELOPMENT_TEAM = 4F95F96C4N;
				INFOPLIST_FILE = "Onboarding-projectUITests/Info.plist";
				LD_RUNPATH_SEARCH_PATHS = (
					"$(inherited)",
					"@executable_path/Frameworks",
					"@loader_path/Frameworks",
				);
				PRODUCT_BUNDLE_IDENTIFIER = "SauceDesigns.Onboarding-projectUITests";
				PRODUCT_NAME = "$(TARGET_NAME)";
				SWIFT_VERSION = 5.0;
				TARGETED_DEVICE_FAMILY = "1,2";
				TEST_TARGET_NAME = "Onboarding-project";
			};
			name = Release;
		};
/* End XCBuildConfiguration section */

/* Begin XCConfigurationList section */
		095589BA24857E7200141DE6 /* Build configuration list for PBXProject "Onboarding-project" */ = {
			isa = XCConfigurationList;
			buildConfigurations = (
				095589E724857E7500141DE6 /* Debug */,
				095589E824857E7500141DE6 /* Release */,
			);
			defaultConfigurationIsVisible = 0;
			defaultConfigurationName = Release;
		};
		095589E924857E7500141DE6 /* Build configuration list for PBXNativeTarget "Onboarding-project" */ = {
			isa = XCConfigurationList;
			buildConfigurations = (
				095589EA24857E7500141DE6 /* Debug */,
				095589EB24857E7500141DE6 /* Release */,
			);
			defaultConfigurationIsVisible = 0;
			defaultConfigurationName = Release;
		};
		095589EC24857E7500141DE6 /* Build configuration list for PBXNativeTarget "Onboarding-projectTests" */ = {
			isa = XCConfigurationList;
			buildConfigurations = (
				095589ED24857E7500141DE6 /* Debug */,
				095589EE24857E7500141DE6 /* Release */,
			);
			defaultConfigurationIsVisible = 0;
			defaultConfigurationName = Release;
		};
		095589EF24857E7500141DE6 /* Build configuration list for PBXNativeTarget "Onboarding-projectUITests" */ = {
			isa = XCConfigurationList;
			buildConfigurations = (
				095589F024857E7500141DE6 /* Debug */,
				095589F124857E7500141DE6 /* Release */,
			);
			defaultConfigurationIsVisible = 0;
			defaultConfigurationName = Release;
		};
/* End XCConfigurationList section */
	};
	rootObject = 095589B724857E7200141DE6 /* Project object */;
}
